
Microsoft Visual Studio Solution File, Format Version 12.00
# Visual Studio Version 16
VisualStudioVersion = 16.0.29905.134
MinimumVisualStudioVersion = 10.0.40219.1
Project("{FAE04EC0-301F-11D3-BF4B-00C04F79EFBC}") = "ResizeMagick.NET", "ResizeMagick.NET.csproj", "{2583988E-D8E9-4221-87A5-5E0CDCF452D2}"
EndProject
Global
	GlobalSection(SolutionConfigurationPlatforms) = preSolution
		Debug|Any CPU = Debug|Any CPU
		Release|Any CPU = Release|Any CPU
	EndGlobalSection
	GlobalSection(ProjectConfigurationPlatforms) = postSolution
		{2583988E-D8E9-4221-87A5-5E0CDCF452D2}.Debug|Any CPU.ActiveCfg = Debug|Any CPU
		{2583988E-D8E9-4221-87A5-5E0CDCF452D2}.Debug|Any CPU.Build.0 = Debug|Any CPU
		{2583988E-D8E9-4221-87A5-5E0CDCF452D2}.Release|Any CPU.ActiveCfg = Release|Any CPU
		{2583988E-D8E9-4221-87A5-5E0CDCF452D2}.Release|Any CPU.Build.0 = Release|Any CPU
	EndGlobalSection
	GlobalSection(SolutionProperties) = preSolution
		HideSolutionNode = FALSE
	EndGlobalSection
	GlobalSection(ExtensibilityGlobals) = postSolution
		SolutionGuid = {BB1E8C5A-6A66-4D24-80A5-4BFF39965950}
	EndGlobalSection
EndGlobal
